# This is a Gradle generated file for dependency locking.
# Manual edits can break the build and are not advised.
# This file is expected to be part of source control.
# To regenerate this file, run: ./gradlew :dependencies --write-locks
com.ethlo.time:itu:1.14.0=nativeImageTestClasspath,nativeImageTestClasspathInternal,nativeSmokeTestRuntimeClasspath,testCompileClasspath,testFixturesCompileClasspath,testFixturesRuntimeClasspath,testRuntimeClasspath
com.fasterxml.jackson.core:jackson-annotations:2.21=compileClasspath,nativeImageClasspath,nativeImageTestClasspath,nativeImageTestClasspathInternal,nativeSmokeTestCompileClasspath,nativeSmokeTestRuntimeClasspath,runtimeClasspath,testCompileClasspath,testFixturesCompileClasspath,testFixturesRuntimeClasspath,testRuntimeClasspath
com.fasterxml.jackson.core:jackson-core:2.18.3=nativeImageTestClasspath,nativeImageTestClasspathInternal,nativeSmokeTestRuntimeClasspath,testCompileClasspath,testFixturesCompileClasspath,testFixturesRuntimeClasspath,testRuntimeClasspath
com.fasterxml.jackson.core:jackson-databind:2.18.3=nativeImageTestClasspath,nativeImageTestClasspathInternal,nativeSmokeTestRuntimeClasspath,testCompileClasspath,testFixturesCompileClasspath,testFixturesRuntimeClasspath,testRuntimeClasspath
com.fasterxml.jackson.dataformat:jackson-dataformat-yaml:2.18.3=nativeImageTestClasspath,nativeImageTestClasspathInternal,nativeSmokeTestRuntimeClasspath,testCompileClasspath,testFixturesCompileClasspath,testFixturesRuntimeClasspath,testRuntimeClasspath
com.fasterxml.jackson:jackson-bom:2.18.3=nativeImageTestClasspath,nativeImageTestClasspathInternal,nativeSmokeTestRuntimeClasspath,testCompileClasspath,testFixturesCompileClasspath,testFixturesRuntimeClasspath,testRuntimeClasspath
com.networknt:json-schema-validator:1.5.9=nativeImageTestClasspath,nativeImageTestClasspathInternal,nativeSmokeTestRuntimeClasspath,testCompileClasspath,testFixturesCompileClasspath,testFixturesRuntimeClasspath,testRuntimeClasspath
com.tngtech.archunit:archunit-junit6-api:1.5.0=nativeImageTestClasspath,nativeImageTestClasspathInternal,testCompileClasspath,testRuntimeClasspath
com.tngtech.archunit:archunit-junit6-engine-api:1.5.0=nativeImageTestClasspath,nativeImageTestClasspathInternal,testRuntimeClasspath
com.tngtech.archunit:archunit-junit6-engine:1.5.0=nativeImageTestClasspath,nativeImageTestClasspathInternal,testRuntimeClasspath
com.tngtech.archunit:archunit-junit6:1.5.0=nativeImageTestClasspath,nativeImageTestClasspathInternal,testCompileClasspath,testRuntimeClasspath
com.tngtech.archunit:archunit:1.5.0=nativeImageTestClasspath,nativeImageTestClasspathInternal,testCompileClasspath,testRuntimeClasspath
info.picocli:picocli-codegen:4.7.7=annotationProcessor
info.picocli:picocli:4.7.7=annotationProcessor,compileClasspath,nativeImageClasspath,nativeImageTestClasspath,nativeImageTestClasspathInternal,nativeSmokeTestRuntimeClasspath,runtimeClasspath,testCompileClasspath,testFixturesRuntimeClasspath,testRuntimeClasspath
org.apiguardian:apiguardian-api:1.1.2=nativeSmokeTestCompileClasspath,testCompileClasspath,testFixturesCompileClasspath
org.graalvm.buildtools:junit-platform-native:1.1.11=nativeImageTestClasspath,nativeImageTestClasspathInternal
org.jacoco:org.jacoco.agent:0.8.15=jacocoAgent,jacocoAnt
org.jacoco:org.jacoco.ant:0.8.15=jacocoAnt
org.jacoco:org.jacoco.core:0.8.15=jacocoAnt
org.jacoco:org.jacoco.report:0.8.15=jacocoAnt
org.jspecify:jspecify:1.0.0=nativeSmokeTestCompileClasspath,testCompileClasspath,testFixturesCompileClasspath
org.junit.jupiter:junit-jupiter-api:6.1.3=nativeImageTestClasspath,nativeImageTestClasspathInternal,nativeSmokeTestCompileClasspath,nativeSmokeTestRuntimeClasspath,testCompileClasspath,testFixturesCompileClasspath,testFixturesRuntimeClasspath,testRuntimeClasspath
org.junit.jupiter:junit-jupiter-engine:6.1.3=nativeImageTestClasspath,nativeImageTestClasspathInternal,nativeSmokeTestRuntimeClasspath,testFixturesRuntimeClasspath,testRuntimeClasspath
org.junit.jupiter:junit-jupiter-params:6.1.3=nativeImageTestClasspath,nativeImageTestClasspathInternal,nativeSmokeTestCompileClasspath,nativeSmokeTestRuntimeClasspath,testCompileClasspath,testFixturesCompileClasspath,testFixturesRuntimeClasspath,testRuntimeClasspath
org.junit.jupiter:junit-jupiter:6.1.3=nativeImageTestClasspath,nativeImageTestClasspathInternal,nativeSmokeTestCompileClasspath,nativeSmokeTestRuntimeClasspath,testCompileClasspath,testFixturesCompileClasspath,testFixturesRuntimeClasspath,testRuntimeClasspath
org.junit.platform:junit-platform-commons:6.1.3=nativeImageTestClasspath,nativeImageTestClasspathInternal,nativeSmokeTestCompileClasspath,nativeSmokeTestRuntimeClasspath,testCompileClasspath,testFixturesCompileClasspath,testFixturesRuntimeClasspath,testRuntimeClasspath
org.junit.platform:junit-platform-console:6.1.3=nativeImageTestClasspath
org.junit.platform:junit-platform-engine:6.1.3=nativeImageTestClasspath,nativeImageTestClasspathInternal,nativeSmokeTestRuntimeClasspath,testFixturesRuntimeClasspath,testRuntimeClasspath
org.junit.platform:junit-platform-launcher:6.1.3=nativeImageTestClasspath,nativeImageTestClasspathInternal,nativeSmokeTestRuntimeClasspath,testRuntimeClasspath
org.junit.platform:junit-platform-reporting:6.1.3=nativeImageTestClasspath
org.junit:junit-bom:6.1.3=nativeImageTestClasspath,nativeImageTestClasspathInternal,nativeSmokeTestCompileClasspath,nativeSmokeTestRuntimeClasspath,testCompileClasspath,testFixturesCompileClasspath,testFixturesRuntimeClasspath,testRuntimeClasspath
org.opentest4j.reporting:open-test-reporting-tooling-spi:0.2.5=nativeImageTestClasspath
org.opentest4j:opentest4j:1.3.0=nativeImageTestClasspath,nativeImageTestClasspathInternal,nativeSmokeTestCompileClasspath,nativeSmokeTestRuntimeClasspath,testCompileClasspath,testFixturesCompileClasspath,testFixturesRuntimeClasspath,testRuntimeClasspath
org.ow2.asm:asm-commons:9.10.1=jacocoAnt
org.ow2.asm:asm-tree:9.10.1=jacocoAnt
org.ow2.asm:asm:9.10.1=jacocoAnt
org.slf4j:slf4j-api:2.0.17=nativeSmokeTestRuntimeClasspath,testFixturesCompileClasspath,testFixturesRuntimeClasspath
org.slf4j:slf4j-api:2.0.18=nativeImageTestClasspath,nativeImageTestClasspathInternal,testCompileClasspath,testRuntimeClasspath
org.yaml:snakeyaml:2.3=nativeImageTestClasspath,nativeImageTestClasspathInternal,nativeSmokeTestRuntimeClasspath,testCompileClasspath,testFixturesCompileClasspath,testFixturesRuntimeClasspath,testRuntimeClasspath
tools.jackson.core:jackson-core:3.1.6=compileClasspath,nativeImageClasspath,nativeImageTestClasspath,nativeImageTestClasspathInternal,nativeSmokeTestCompileClasspath,nativeSmokeTestRuntimeClasspath,runtimeClasspath,testCompileClasspath,testFixturesCompileClasspath,testFixturesRuntimeClasspath,testRuntimeClasspath
tools.jackson.core:jackson-databind:3.1.6=compileClasspath,nativeImageClasspath,nativeImageTestClasspath,nativeImageTestClasspathInternal,nativeSmokeTestCompileClasspath,nativeSmokeTestRuntimeClasspath,runtimeClasspath,testCompileClasspath,testFixturesCompileClasspath,testFixturesRuntimeClasspath,testRuntimeClasspath
tools.jackson:jackson-bom:3.1.6=compileClasspath,nativeImageClasspath,nativeImageTestClasspath,nativeImageTestClasspathInternal,nativeSmokeTestCompileClasspath,nativeSmokeTestRuntimeClasspath,runtimeClasspath,testCompileClasspath,testFixturesCompileClasspath,testFixturesRuntimeClasspath,testRuntimeClasspath
empty=cyclonedxBom,nativeSmokeTestAnnotationProcessor,testAnnotationProcessor,testFixturesAnnotationProcessor
