# @generated - this file is auto-generated by `mise lock` https://mise.jdx.dev/dev-tools/mise-lock.html

[[tools.java]]
version = "graalvm-community-25.0.2"
backend = "core:java"

[tools.java."platforms.linux-arm64"]
checksum = "sha256:b4580d9f223d0a4b3a1757e58b18ff4c1db950e67e105fc5cb741457d2384a71"
url = "https://github.com/graalvm/graalvm-ce-builds/releases/download/jdk-25.0.2/graalvm-community-jdk-25.0.2_linux-aarch64_bin.tar.gz"

[tools.java."platforms.linux-x64"]
checksum = "sha256:e0be791c8fda4d03b6b0a0cb824fef3149736170057b3a515252b44419606af0"
url = "https://github.com/graalvm/graalvm-ce-builds/releases/download/jdk-25.0.2/graalvm-community-jdk-25.0.2_linux-x64_bin.tar.gz"

[tools.java."platforms.macos-arm64"]
checksum = "sha256:50201fb8e8e653e7a253d955877a6b6ad634b42e60c84f45df7e1bb51361635f"
url = "https://github.com/graalvm/graalvm-ce-builds/releases/download/jdk-25.0.2/graalvm-community-jdk-25.0.2_macos-aarch64_bin.tar.gz"

[tools.java."platforms.windows-x64"]
checksum = "sha256:72edc27ce2dd3c156332144a339c97995745cae291205ed2f9b5cc26aa9cb422"
url = "https://github.com/graalvm/graalvm-ce-builds/releases/download/jdk-25.0.2/graalvm-community-jdk-25.0.2_windows-x64_bin.zip"
